// !$*UTF8*$!
{
	archiveVersion = 1;
	classes = {
	};
	objectVersion = 46;
	objects = {

/* Begin PBXBuildFile section */
		A60EB1651F00B1F900A5B328 /* AppDelegate.swift in Sources */ = {isa = PBXBuildFile; fileRef = A60EB1641F00B1F900A5B328 /* AppDelegate.swift */; };
		A60EB1671F00B1F900A5B328 /* ViewController.swift in Sources */ = {isa = PBXBuildFile; fileRef = A60EB1661F00B1F900A5B328 /* ViewController.swift */; };
		A60EB16A1F00B1F900A5B328 /* Main.storyboard in Resources */ = {isa = PBXBuildFile; fileRef = A60EB1681F00B1F900A5B328 /* Main.storyboard */; };
		A60EB16C1F00B1F900A5B328 /* Assets.xcassets in Resources */ = {isa = PBXBuildFile; fileRef = A60EB16B1F00B1F900A5B328 /* Assets.xcassets */; };
		A60EB16F1F00B1F900A5B328 /* LaunchScreen.storyboard in Resources */ = {isa = PBXBuildFile; fileRef = A60EB16D1F00B1F900A5B328 /* LaunchScreen.storyboard */; };
		A60EB1891F00B26800A5B328 /* _Snowman.png in Resources */ = {isa = PBXBuildFile; fileRef = A60EB1771F00B26800A5B328 /* _Snowman.png */; };
		A60EB18A1F00B26800A5B328 /* 0617034009.png in Resources */ = {isa = PBXBuildFile; fileRef = A60EB1781F00B26800A5B328 /* 0617034009.png */; };
		A60EB18B1F00B26800A5B328 /* animated-snow-image.gif in Resources */ = {isa = PBXBuildFile; fileRef = A60EB1791F00B26800A5B328 /* animated-snow-image.gif */; };
		A60EB18C1F00B26800A5B328 /* Bell.png in Resources */ = {isa = PBXBuildFile; fileRef = A60EB17A1F00B26800A5B328 /* Bell.png */; };
		A60EB18D1F00B26800A5B328 /* bgMain.png in Resources */ = {isa = PBXBuildFile; fileRef = A60EB17B1F00B26800A5B328 /* bgMain.png */; };
		A60EB18E1F00B26800A5B328 /* christmas_1.png in Resources */ = {isa = PBXBuildFile; fileRef = A60EB17C1F00B26800A5B328 /* christmas_1.png */; };
		A60EB18F1F00B26800A5B328 /* christmas_2.png in Resources */ = {isa = PBXBuildFile; fileRef = A60EB17D1F00B26800A5B328 /* christmas_2.png */; };
		A60EB1901F00B26800A5B328 /* christmas_3.png in Resources */ = {isa = PBXBuildFile; fileRef = A60EB17E1F00B26800A5B328 /* christmas_3.png */; };
		A60EB1911F00B26800A5B328 /* christmas_6.png in Resources */ = {isa = PBXBuildFile; fileRef = A60EB17F1F00B26800A5B328 /* christmas_6.png */; };
		A60EB1921F00B26800A5B328 /* christmas_8.png in Resources */ = {isa = PBXBuildFile; fileRef = A60EB1801F00B26800A5B328 /* christmas_8.png */; };
		A60EB1931F00B26800A5B328 /* christmas_10.png in Resources */ = {isa = PBXBuildFile; fileRef = A60EB1811F00B26800A5B328 /* christmas_10.png */; };
		A60EB1941F00B26800A5B328 /* christmas_11.png in Resources */ = {isa = PBXBuildFile; fileRef = A60EB1821F00B26800A5B328 /* christmas_11.png */; };
		A60EB1951F00B26800A5B328 /* christmas_12.png in Resources */ = {isa = PBXBuildFile; fileRef = A60EB1831F00B26800A5B328 /* christmas_12.png */; };
		A60EB1961F00B26800A5B328 /* christmas_15.png in Resources */ = {isa = PBXBuildFile; fileRef = A60EB1841F00B26800A5B328 /* christmas_15.png */; };
		A60EB1971F00B26800A5B328 /* christmas_18.png in Resources */ = {isa = PBXBuildFile; fileRef = A60EB1851F00B26800A5B328 /* christmas_18.png */; };
		A60EB1981F00B26800A5B328 /* snowflake.png in Resources */ = {isa = PBXBuildFile; fileRef = A60EB1861F00B26800A5B328 /* snowflake.png */; };
		A60EB1991F00B26800A5B328 /* snowman.png in Resources */ = {isa = PBXBuildFile; fileRef = A60EB1871F00B26800A5B328 /* snowman.png */; };
		A60EB19A1F00B26800A5B328 /* xmas-04.png in Resources */ = {isa = PBXBuildFile; fileRef = A60EB1881F00B26800A5B328 /* xmas-04.png */; };
		A60EB19E1F00B3F500A5B328 /* Item.swift in Sources */ = {isa = PBXBuildFile; fileRef = A60EB19D1F00B3F500A5B328 /* Item.swift */; };
/* End PBXBuildFile section */

/* Begin PBXFileReference section */
		A60EB1611F00B1F900A5B328 /* SampleGesture.app */ = {isa = PBXFileReference; explicitFileType = wrapper.application; includeInIndex = 0; path = SampleGesture.app; sourceTree = BUILT_PRODUCTS_DIR; };
		A60EB1641F00B1F900A5B328 /* AppDelegate.swift */ = {isa = PBXFileReference; lastKnownFileType = sourcecode.swift; path = AppDelegate.swift; sourceTree = "<group>"; };
		A60EB1661F00B1F900A5B328 /* ViewController.swift */ = {isa = PBXFileReference; lastKnownFileType = sourcecode.swift; path = ViewController.swift; sourceTree = "<group>"; };
		A60EB1691F00B1F900A5B328 /* Base */ = {isa = PBXFileReference; lastKnownFileType = file.storyboard; name = Base; path = Base.lproj/Main.storyboard; sourceTree = "<group>"; };
		A60EB16B1F00B1F900A5B328 /* Assets.xcassets */ = {isa = PBXFileReference; lastKnownFileType = folder.assetcatalog; path = Assets.xcassets; sourceTree = "<group>"; };
		A60EB16E1F00B1F900A5B328 /* Base */ = {isa = PBXFileReference; lastKnownFileType = file.storyboard; name = Base; path = Base.lproj/LaunchScreen.storyboard; sourceTree = "<group>"; };
		A60EB1701F00B1F900A5B328 /* Info.plist */ = {isa = PBXFileReference; lastKnownFileType = text.plist.xml; path = Info.plist; sourceTree = "<group>"; };
		A60EB1771F00B26800A5B328 /* _Snowman.png */ = {isa = PBXFileReference; lastKnownFileType = image.png; path = _Snowman.png; sourceTree = "<group>"; };
		A60EB1781F00B26800A5B328 /* 0617034009.png */ = {isa = PBXFileReference; lastKnownFileType = image.png; path = 0617034009.png; sourceTree = "<group>"; };
		A60EB1791F00B26800A5B328 /* animated-snow-image.gif */ = {isa = PBXFileReference; lastKnownFileType = image.gif; path = "animated-snow-image.gif"; sourceTree = "<group>"; };
		A60EB17A1F00B26800A5B328 /* Bell.png */ = {isa = PBXFileReference; lastKnownFileType = image.png; path = Bell.png; sourceTree = "<group>"; };
		A60EB17B1F00B26800A5B328 /* bgMain.png */ = {isa = PBXFileReference; lastKnownFileType = image.png; path = bgMain.png; sourceTree = "<group>"; };
		A60EB17C1F00B26800A5B328 /* christmas_1.png */ = {isa = PBXFileReference; lastKnownFileType = image.png; path = christmas_1.png; sourceTree = "<group>"; };
		A60EB17D1F00B26800A5B328 /* christmas_2.png */ = {isa = PBXFileReference; lastKnownFileType = image.png; path = christmas_2.png; sourceTree = "<group>"; };
		A60EB17E1F00B26800A5B328 /* christmas_3.png */ = {isa = PBXFileReference; lastKnownFileType = image.png; path = christmas_3.png; sourceTree = "<group>"; };
		A60EB17F1F00B26800A5B328 /* christmas_6.png */ = {isa = PBXFileReference; lastKnownFileType = image.png; path = christmas_6.png; sourceTree = "<group>"; };
		A60EB1801F00B26800A5B328 /* christmas_8.png */ = {isa = PBXFileReference; lastKnownFileType = image.png; path = christmas_8.png; sourceTree = "<group>"; };
		A60EB1811F00B26800A5B328 /* christmas_10.png */ = {isa = PBXFileReference; lastKnownFileType = image.png; path = christmas_10.png; sourceTree = "<group>"; };
		A60EB1821F00B26800A5B328 /* christmas_11.png */ = {isa = PBXFileReference; lastKnownFileType = image.png; path = christmas_11.png; sourceTree = "<group>"; };
		A60EB1831F00B26800A5B328 /* christmas_12.png */ = {isa = PBXFileReference; lastKnownFileType = image.png; path = christmas_12.png; sourceTree = "<group>"; };
		A60EB1841F00B26800A5B328 /* christmas_15.png */ = {isa = PBXFileReference; lastKnownFileType = image.png; path = christmas_15.png; sourceTree = "<group>"; };
		A60EB1851F00B26800A5B328 /* christmas_18.png */ = {isa = PBXFileReference; lastKnownFileType = image.png; path = christmas_18.png; sourceTree = "<group>"; };
		A60EB1861F00B26800A5B328 /* snowflake.png */ = {isa = PBXFileReference; lastKnownFileType = image.png; path = snowflake.png; sourceTree = "<group>"; };
		A60EB1871F00B26800A5B328 /* snowman.png */ = {isa = PBXFileReference; lastKnownFileType = image.png; path = snowman.png; sourceTree = "<group>"; };
		A60EB1881F00B26800A5B328 /* xmas-04.png */ = {isa = PBXFileReference; lastKnownFileType = image.png; path = "xmas-04.png"; sourceTree = "<group>"; };
		A60EB19D1F00B3F500A5B328 /* Item.swift */ = {isa = PBXFileReference; fileEncoding = 4; lastKnownFileType = sourcecode.swift; path = Item.swift; sourceTree = "<group>"; };
/* End PBXFileReference section */

/* Begin PBXFrameworksBuildPhase section */
		A60EB15E1F00B1F900A5B328 /* Frameworks */ = {
			isa = PBXFrameworksBuildPhase;
			buildActionMask = 2147483647;
			files = (
			);
			runOnlyForDeploymentPostprocessing = 0;
		};
/* End PBXFrameworksBuildPhase section */

/* Begin PBXGroup section */
		A60EB1581F00B1F900A5B328 = {
			isa = PBXGroup;
			children = (
				A60EB1631F00B1F900A5B328 /* SampleGesture */,
				A60EB1621F00B1F900A5B328 /* Products */,
			);
			sourceTree = "<group>";
		};
		A60EB1621F00B1F900A5B328 /* Products */ = {
			isa = PBXGroup;
			children = (
				A60EB1611F00B1F900A5B328 /* SampleGesture.app */,
			);
			name = Products;
			sourceTree = "<group>";
		};
		A60EB1631F00B1F900A5B328 /* SampleGesture */ = {
			isa = PBXGroup;
			children = (
				A60EB1761F00B23700A5B328 /* Resource */,
				A60EB1641F00B1F900A5B328 /* AppDelegate.swift */,
				A60EB1661F00B1F900A5B328 /* ViewController.swift */,
				A60EB1681F00B1F900A5B328 /* Main.storyboard */,
				A60EB16B1F00B1F900A5B328 /* Assets.xcassets */,
				A60EB16D1F00B1F900A5B328 /* LaunchScreen.storyboard */,
				A60EB1701F00B1F900A5B328 /* Info.plist */,
				A60EB19D1F00B3F500A5B328 /* Item.swift */,
			);
			path = SampleGesture;
			sourceTree = "<group>";
		};
		A60EB1761F00B23700A5B328 /* Resource */ = {
			isa = PBXGroup;
			children = (
				A60EB1771F00B26800A5B328 /* _Snowman.png */,
				A60EB1781F00B26800A5B328 /* 0617034009.png */,
				A60EB1791F00B26800A5B328 /* animated-snow-image.gif */,
				A60EB17A1F00B26800A5B328 /* Bell.png */,
				A60EB17B1F00B26800A5B328 /* bgMain.png */,
				A60EB17C1F00B26800A5B328 /* christmas_1.png */,
				A60EB17D1F00B26800A5B328 /* christmas_2.png */,
				A60EB17E1F00B26800A5B328 /* christmas_3.png */,
				A60EB17F1F00B26800A5B328 /* christmas_6.png */,
				A60EB1801F00B26800A5B328 /* christmas_8.png */,
				A60EB1811F00B26800A5B328 /* christmas_10.png */,
				A60EB1821F00B26800A5B328 /* christmas_11.png */,
				A60EB1831F00B26800A5B328 /* christmas_12.png */,
				A60EB1841F00B26800A5B328 /* christmas_15.png */,
				A60EB1851F00B26800A5B328 /* christmas_18.png */,
				A60EB1861F00B26800A5B328 /* snowflake.png */,
				A60EB1871F00B26800A5B328 /* snowman.png */,
				A60EB1881F00B26800A5B328 /* xmas-04.png */,
			);
			name = Resource;
			sourceTree = "<group>";
		};
/* End PBXGroup section */

/* Begin PBXNativeTarget section */
		A60EB1601F00B1F900A5B328 /* SampleGesture */ = {
			isa = PBXNativeTarget;
			buildConfigurationList = A60EB1731F00B1F900A5B328 /* Build configuration list for PBXNativeTarget "SampleGesture" */;
			buildPhases = (
				A60EB15D1F00B1F900A5B328 /* Sources */,
				A60EB15E1F00B1F900A5B328 /* Frameworks */,
				A60EB15F1F00B1F900A5B328 /* Resources */,
			);
			buildRules = (
			);
			dependencies = (
			);
			name = SampleGesture;
			productName = SampleGesture;
			productReference = A60EB1611F00B1F900A5B328 /* SampleGesture.app */;
			productType = "com.apple.product-type.application";
		};
/* End PBXNativeTarget section */

/* Begin PBXProject section */
		A60EB1591F00B1F900A5B328 /* Project object */ = {
			isa = PBXProject;
			attributes = {
				LastSwiftUpdateCheck = 0820;
				LastUpgradeCheck = 0820;
				ORGANIZATIONNAME = Tung;
				TargetAttributes = {
					A60EB1601F00B1F900A5B328 = {
						CreatedOnToolsVersion = 8.2.1;
						ProvisioningStyle = Automatic;
					};
				};
			};
			buildConfigurationList = A60EB15C1F00B1F900A5B328 /* Build configuration list for PBXProject "SampleGesture" */;
			compatibilityVersion = "Xcode 3.2";
			developmentRegion = English;
			hasScannedForEncodings = 0;
			knownRegions = (
				en,
				Base,
			);
			mainGroup = A60EB1581F00B1F900A5B328;
			productRefGroup = A60EB1621F00B1F900A5B328 /* Products */;
			projectDirPath = "";
			projectRoot = "";
			targets = (
				A60EB1601F00B1F900A5B328 /* SampleGesture */,
			);
		};
/* End PBXProject section */

/* Begin PBXResourcesBuildPhase section */
		A60EB15F1F00B1F900A5B328 /* Resources */ = {
			isa = PBXResourcesBuildPhase;
			buildActionMask = 2147483647;
			files = (
				A60EB16F1F00B1F900A5B328 /* LaunchScreen.storyboard in Resources */,
				A60EB1991F00B26800A5B328 /* snowman.png in Resources */,
				A60EB1981F00B26800A5B328 /* snowflake.png in Resources */,
				A60EB1921F00B26800A5B328 /* christmas_8.png in Resources */,
				A60EB18A1F00B26800A5B328 /* 0617034009.png in Resources */,
				A60EB1951F00B26800A5B328 /* christmas_12.png in Resources */,
				A60EB19A1F00B26800A5B328 /* xmas-04.png in Resources */,
				A60EB1961F00B26800A5B328 /* christmas_15.png in Resources */,
				A60EB18E1F00B26800A5B328 /* christmas_1.png in Resources */,
				A60EB18B1F00B26800A5B328 /* animated-snow-image.gif in Resources */,
				A60EB18D1F00B26800A5B328 /* bgMain.png in Resources */,
				A60EB1911F00B26800A5B328 /* christmas_6.png in Resources */,
				A60EB1971F00B26800A5B328 /* christmas_18.png in Resources */,
				A60EB1891F00B26800A5B328 /* _Snowman.png in Resources */,
				A60EB18C1F00B26800A5B328 /* Bell.png in Resources */,
				A60EB1941F00B26800A5B328 /* christmas_11.png in Resources */,
				A60EB18F1F00B26800A5B328 /* christmas_2.png in Resources */,
				A60EB16C1F00B1F900A5B328 /* Assets.xcassets in Resources */,
				A60EB1931F00B26800A5B328 /* christmas_10.png in Resources */,
				A60EB16A1F00B1F900A5B328 /* Main.storyboard in Resources */,
				A60EB1901F00B26800A5B328 /* christmas_3.png in Resources */,
			);
			runOnlyForDeploymentPostprocessing = 0;
		};
/* End PBXResourcesBuildPhase section */

/* Begin PBXSourcesBuildPhase section */
		A60EB15D1F00B1F900A5B328 /* Sources */ = {
			isa = PBXSourcesBuildPhase;
			buildActionMask = 2147483647;
			files = (
				A60EB1671F00B1F900A5B328 /* ViewController.swift in Sources */,
				A60EB19E1F00B3F500A5B328 /* Item.swift in Sources */,
				A60EB1651F00B1F900A5B328 /* AppDelegate.swift in Sources */,
			);
			runOnlyForDeploymentPostprocessing = 0;
		};
/* End PBXSourcesBuildPhase section */

/* Begin PBXVariantGroup section */
		A60EB1681F00B1F900A5B328 /* Main.storyboard */ = {
			isa = PBXVariantGroup;
			children = (
				A60EB1691F00B1F900A5B328 /* Base */,
			);
			name = Main.storyboard;
			sourceTree = "<group>";
		};
		A60EB16D1F00B1F900A5B328 /* LaunchScreen.storyboard */ = {
			isa = PBXVariantGroup;
			children = (
				A60EB16E1F00B1F900A5B328 /* Base */,
			);
			name = LaunchScreen.storyboard;
			sourceTree = "<group>";
		};
/* End PBXVariantGroup section */

/* Begin XCBuildConfiguration section */
		A60EB1711F00B1F900A5B328 /* Debug */ = {
			isa = XCBuildConfiguration;
			buildSettings = {
				ALWAYS_SEARCH_USER_PATHS = NO;
				CLANG_ANALYZER_NONNULL = YES;
				CLANG_CXX_LANGUAGE_STANDARD = "gnu++0x";
				CLANG_CXX_LIBRARY = "libc++";
				CLANG_ENABLE_MODULES = YES;
				CLANG_ENABLE_OBJC_ARC = YES;
				CLANG_WARN_BOOL_CONVERSION = YES;
				CLANG_WARN_CONSTANT_CONVERSION = YES;
				CLANG_WARN_DIRECT_OBJC_ISA_USAGE = YES_ERROR;
				CLANG_WARN_DOCUMENTATION_COMMENTS = YES;
				CLANG_WARN_EMPTY_BODY = YES;
				CLANG_WARN_ENUM_CONVERSION = YES;
				CLANG_WARN_INFINITE_RECURSION = YES;
				CLANG_WARN_INT_CONVERSION = YES;
				CLANG_WARN_OBJC_ROOT_CLASS = YES_ERROR;
				CLANG_WARN_SUSPICIOUS_MOVE = YES;
				CLANG_WARN_UNREACHABLE_CODE = YES;
				CLANG_WARN__DUPLICATE_METHOD_MATCH = YES;
				"CODE_SIGN_IDENTITY[sdk=iphoneos*]" = "iPhone Developer";
				COPY_PHASE_STRIP = NO;
				DEBUG_INFORMATION_FORMAT = dwarf;
				ENABLE_STRICT_OBJC_MSGSEND = YES;
				ENABLE_TESTABILITY = YES;
				GCC_C_LANGUAGE_STANDARD = gnu99;
				GCC_DYNAMIC_NO_PIC = NO;
				GCC_NO_COMMON_BLOCKS = YES;
				GCC_OPTIMIZATION_LEVEL = 0;
				GCC_PREPROCESSOR_DEFINITIONS = (
					"DEBUG=1",
					"$(inherited)",
				);
				GCC_WARN_64_TO_32_BIT_CONVERSION = YES;
				GCC_WARN_ABOUT_RETURN_TYPE = YES_ERROR;
				GCC_WARN_UNDECLARED_SELECTOR = YES;
				GCC_WARN_UNINITIALIZED_AUTOS = YES_AGGRESSIVE;
				GCC_WARN_UNUSED_FUNCTION = YES;
				GCC_WARN_UNUSED_VARIABLE = YES;
				IPHONEOS_DEPLOYMENT_TARGET = 10.2;
				MTL_ENABLE_DEBUG_INFO = YES;
				ONLY_ACTIVE_ARCH = YES;
				SDKROOT = iphoneos;
				SWIFT_ACTIVE_COMPILATION_CONDITIONS = DEBUG;
				SWIFT_OPTIMIZATION_LEVEL = "-Onone";
				TARGETED_DEVICE_FAMILY = "1,2";
			};
			name = Debug;
		};
		A60EB1721F00B1F900A5B328 /* Release */ = {
			isa = XCBuildConfiguration;
			buildSettings = {
				ALWAYS_SEARCH_USER_PATHS = NO;
				CLANG_ANALYZER_NONNULL = YES;
				CLANG_CXX_LANGUAGE_STANDARD = "gnu++0x";
				CLANG_CXX_LIBRARY = "libc++";
				CLANG_ENABLE_MODULES = YES;
				CLANG_ENABLE_OBJC_ARC = YES;
				CLANG_WARN_BOOL_CONVERSION = YES;
				CLANG_WARN_CONSTANT_CONVERSION = YES;
				CLANG_WARN_DIRECT_OBJC_ISA_USAGE = YES_ERROR;
				CLANG_WARN_DOCUMENTATION_COMMENTS = YES;
				CLANG_WARN_EMPTY_BODY = YES;
				CLANG_WARN_ENUM_CONVERSION = YES;
				CLANG_WARN_INFINITE_RECURSION = YES;
				CLANG_WARN_INT_CONVERSION = YES;
				CLANG_WARN_OBJC_ROOT_CLASS = YES_ERROR;
				CLANG_WARN_SUSPICIOUS_MOVE = YES;
				CLANG_WARN_UNREACHABLE_CODE = YES;
				CLANG_WARN__DUPLICATE_METHOD_MATCH = YES;
				"CODE_SIGN_IDENTITY[sdk=iphoneos*]" = "iPhone Developer";
				COPY_PHASE_STRIP = NO;
				DEBUG_INFORMATION_FORMAT = "dwarf-with-dsym";
				ENABLE_NS_ASSERTIONS = NO;
				ENABLE_STRICT_OBJC_MSGSEND = YES;
				GCC_C_LANGUAGE_STANDARD = gnu99;
				GCC_NO_COMMON_BLOCKS = YES;
				GCC_WARN_64_TO_32_BIT_CONVERSION = YES;
				GCC_WARN_ABOUT_RETURN_TYPE = YES_ERROR;
				GCC_WARN_UNDECLARED_SELECTOR = YES;
				GCC_WARN_UNINITIALIZED_AUTOS = YES_AGGRESSIVE;
				GCC_WARN_UNUSED_FUNCTION = YES;
				GCC_WARN_UNUSED_VARIABLE = YES;
				IPHONEOS_DEPLOYMENT_TARGET = 10.2;
				MTL_ENABLE_DEBUG_INFO = NO;
				SDKROOT = iphoneos;
				SWIFT_OPTIMIZATION_LEVEL = "-Owholemodule";
				TARGETED_DEVICE_FAMILY = "1,2";
				VALIDATE_PRODUCT = YES;
			};
			name = Release;
		};
		A60EB1741F00B1F900A5B328 /* Debug */ = {
			isa = XCBuildConfiguration;
			buildSettings = {
				ASSETCATALOG_COMPILER_APPICON_NAME = AppIcon;
				INFOPLIST_FILE = SampleGesture/Info.plist;
				LD_RUNPATH_SEARCH_PATHS = "$(inherited) @executable_path/Frameworks";
				PRODUCT_BUNDLE_IDENTIFIER = Tung.SampleGesture;
				PRODUCT_NAME = "$(TARGET_NAME)";
				SWIFT_VERSION = 3.0;
			};
			name = Debug;
		};
		A60EB1751F00B1F900A5B328 /* Release */ = {
			isa = XCBuildConfiguration;
			buildSettings = {
				ASSETCATALOG_COMPILER_APPICON_NAME = AppIcon;
				INFOPLIST_FILE = SampleGesture/Info.plist;
				LD_RUNPATH_SEARCH_PATHS = "$(inherited) @executable_path/Frameworks";
				PRODUCT_BUNDLE_IDENTIFIER = Tung.SampleGesture;
				PRODUCT_NAME = "$(TARGET_NAME)";
				SWIFT_VERSION = 3.0;
			};
			name = Release;
		};
/* End XCBuildConfiguration section */

/* Begin XCConfigurationList section */
		A60EB15C1F00B1F900A5B328 /* Build configuration list for PBXProject "SampleGesture" */ = {
			isa = XCConfigurationList;
			buildConfigurations = (
				A60EB1711F00B1F900A5B328 /* Debug */,
				A60EB1721F00B1F900A5B328 /* Release */,
			);
			defaultConfigurationIsVisible = 0;
			defaultConfigurationName = Release;
		};
		A60EB1731F00B1F900A5B328 /* Build configuration list for PBXNativeTarget "SampleGesture" */ = {
			isa = XCConfigurationList;
			buildConfigurations = (
				A60EB1741F00B1F900A5B328 /* Debug */,
				A60EB1751F00B1F900A5B328 /* Release */,
			);
			defaultConfigurationIsVisible = 0;
		};
/* End XCConfigurationList section */
	};
	rootObject = A60EB1591F00B1F900A5B328 /* Project object */;
}
